
Microsoft Visual Studio Solution File, Format Version 12.00
# Visual Studio 15
VisualStudioVersion = 15.0.27004.2005
MinimumVisualStudioVersion = 10.0.40219.1
Project("{FAE04EC0-301F-11D3-BF4B-00C04F79EFBC}") = "Bank.Services", "Bank.Services\Bank.Services.csproj", "{9BC42DAF-42FB-4F08-BC37-D1D96B9F57E8}"
EndProject
Project("{FAE04EC0-301F-11D3-BF4B-00C04F79EFBC}") = "Bank.ATMConsole", "Bank.ATMConsole\Bank.ATMConsole.csproj", "{E0A311BD-012A-49FD-A62A-566B8D8A0CE9}"
EndProject
Project("{FAE04EC0-301F-11D3-BF4B-00C04F79EFBC}") = "Bank.Models", "Bank.Models\Bank.Models.csproj", "{CBC50DE0-BAAA-4281-B013-AA6AE7B03E1C}"
EndProject
Global
	GlobalSection(SolutionConfigurationPlatforms) = preSolution
		Debug|Any CPU = Debug|Any CPU
		Release|Any CPU = Release|Any CPU
	EndGlobalSection
	GlobalSection(ProjectConfigurationPlatforms) = postSolution
		{9BC42DAF-42FB-4F08-BC37-D1D96B9F57E8}.Debug|Any CPU.ActiveCfg = Debug|Any CPU
		{9BC42DAF-42FB-4F08-BC37-D1D96B9F57E8}.Debug|Any CPU.Build.0 = Debug|Any CPU
		{9BC42DAF-42FB-4F08-BC37-D1D96B9F57E8}.Release|Any CPU.ActiveCfg = Release|Any CPU
		{9BC42DAF-42FB-4F08-BC37-D1D96B9F57E8}.Release|Any CPU.Build.0 = Release|Any CPU
		{E0A311BD-012A-49FD-A62A-566B8D8A0CE9}.Debug|Any CPU.ActiveCfg = Debug|Any CPU
		{E0A311BD-012A-49FD-A62A-566B8D8A0CE9}.Debug|Any CPU.Build.0 = Debug|Any CPU
		{E0A311BD-012A-49FD-A62A-566B8D8A0CE9}.Release|Any CPU.ActiveCfg = Release|Any CPU
		{E0A311BD-012A-49FD-A62A-566B8D8A0CE9}.Release|Any CPU.Build.0 = Release|Any CPU
		{CBC50DE0-BAAA-4281-B013-AA6AE7B03E1C}.Debug|Any CPU.ActiveCfg = Debug|Any CPU
		{CBC50DE0-BAAA-4281-B013-AA6AE7B03E1C}.Debug|Any CPU.Build.0 = Debug|Any CPU
		{CBC50DE0-BAAA-4281-B013-AA6AE7B03E1C}.Release|Any CPU.ActiveCfg = Release|Any CPU
		{CBC50DE0-BAAA-4281-B013-AA6AE7B03E1C}.Release|Any CPU.Build.0 = Release|Any CPU
	EndGlobalSection
	GlobalSection(SolutionProperties) = preSolution
		HideSolutionNode = FALSE
	EndGlobalSection
	GlobalSection(ExtensibilityGlobals) = postSolution
		SolutionGuid = {6351D4D3-DC9E-4D79-8A97-7103B65298A7}
	EndGlobalSection
EndGlobal
